# THIS IS AN AUTOGENERATED FILE. DO NOT EDIT THIS FILE DIRECTLY.
# yarn lockfile v1


lucide-react@^0.475.0:
  version "0.475.0"
  resolved "https://registry.yarnpkg.com/lucide-react/-/lucide-react-0.475.0.tgz#4b7b62c024f153ee4b52a6a0f33f9e72f07156f0"
  integrity sha512-NJzvVu1HwFVeZ+Gwq2q00KygM1aBhy/ZrhY9FsAgJtpB+E4R7uxRk9M2iKvHa6/vNxZydIB59htha4c2vvwvVg==
